
Microsoft Visual Studio Solution File, Format Version 12.00
# Visual Studio Version 17
VisualStudioVersion = 17.13.35919.96
MinimumVisualStudioVersion = 10.0.40219.1
Project("{8BC9CEB8-8B4A-11D0-8D11-00A0C91BC942}") = "Core", "Core\Core.vcxproj", "{6817540C-5AC0-4792-B19E-F5BE11B51FE0}"
EndProject
Project("{8BC9CEB8-8B4A-11D0-8D11-00A0C91BC942}") = "Lighting", "Chapter7\Lighting\Lighting.vcxproj", "{4075BFC4-29F9-4751-A4F8-9BF8F927B6C4}"
EndProject
Project("{8BC9CEB8-8B4A-11D0-8D11-00A0C91BC942}") = "LitSkull", "Chapter7\LitSkull\LitSkull.vcxproj", "{7AEA481E-0155-43C5-88AA-EC791124E15F}"
EndProject
Project("{8BC9CEB8-8B4A-11D0-8D11-00A0C91BC942}") = "Crate", "Chapter8\Crate\Crate.vcxproj", "{48DF1AF1-349A-4CCC-B2A4-7DE54D9FC0AF}"
EndProject
Global
	GlobalSection(SolutionConfigurationPlatforms) = preSolution
		Debug|x64 = Debug|x64
		Release|x64 = Release|x64
	EndGlobalSection
	GlobalSection(ProjectConfigurationPlatforms) = postSolution
		{6817540C-5AC0-4792-B19E-F5BE11B51FE0}.Debug|x64.ActiveCfg = Debug|x64
		{6817540C-5AC0-4792-B19E-F5BE11B51FE0}.Debug|x64.Build.0 = Debug|x64
		{6817540C-5AC0-4792-B19E-F5BE11B51FE0}.Release|x64.ActiveCfg = Release|x64
		{6817540C-5AC0-4792-B19E-F5BE11B51FE0}.Release|x64.Build.0 = Release|x64
		{4075BFC4-29F9-4751-A4F8-9BF8F927B6C4}.Debug|x64.ActiveCfg = Debug|x64
		{4075BFC4-29F9-4751-A4F8-9BF8F927B6C4}.Debug|x64.Build.0 = Debug|x64
		{4075BFC4-29F9-4751-A4F8-9BF8F927B6C4}.Release|x64.ActiveCfg = Release|x64
		{4075BFC4-29F9-4751-A4F8-9BF8F927B6C4}.Release|x64.Build.0 = Release|x64
		{7AEA481E-0155-43C5-88AA-EC791124E15F}.Debug|x64.ActiveCfg = Debug|x64
		{7AEA481E-0155-43C5-88AA-EC791124E15F}.Debug|x64.Build.0 = Debug|x64
		{7AEA481E-0155-43C5-88AA-EC791124E15F}.Release|x64.ActiveCfg = Release|x64
		{7AEA481E-0155-43C5-88AA-EC791124E15F}.Release|x64.Build.0 = Release|x64
		{48DF1AF1-349A-4CCC-B2A4-7DE54D9FC0AF}.Debug|x64.ActiveCfg = Debug|x64
		{48DF1AF1-349A-4CCC-B2A4-7DE54D9FC0AF}.Debug|x64.Build.0 = Debug|x64
		{48DF1AF1-349A-4CCC-B2A4-7DE54D9FC0AF}.Release|x64.ActiveCfg = Release|x64
		{48DF1AF1-349A-4CCC-B2A4-7DE54D9FC0AF}.Release|x64.Build.0 = Release|x64
	EndGlobalSection
	GlobalSection(SolutionProperties) = preSolution
		HideSolutionNode = FALSE
	EndGlobalSection
	GlobalSection(ExtensibilityGlobals) = postSolution
		SolutionGuid = {1BA30418-10D3-43CF-B6F7-9117F5DCC2BD}
	EndGlobalSection
EndGlobal
